
Microsoft Visual Studio Solution File, Format Version 12.00
# Visual Studio Version 17
VisualStudioVersion = 17.1.32210.238
MinimumVisualStudioVersion = 10.0.40219.1
Project("{FAE04EC0-301F-11D3-BF4B-00C04F79EFBC}") = "Projekat - Parking", "Projekat - Parking.csproj", "{745608EE-7C5E-42FB-921D-77435082B375}"
EndProject
Global
	GlobalSection(SolutionConfigurationPlatforms) = preSolution
		Debug|Any CPU = Debug|Any CPU
		Release|Any CPU = Release|Any CPU
	EndGlobalSection
	GlobalSection(ProjectConfigurationPlatforms) = postSolution
		{745608EE-7C5E-42FB-921D-77435082B375}.Debug|Any CPU.ActiveCfg = Debug|Any CPU
		{745608EE-7C5E-42FB-921D-77435082B375}.Debug|Any CPU.Build.0 = Debug|Any CPU
		{745608EE-7C5E-42FB-921D-77435082B375}.Release|Any CPU.ActiveCfg = Release|Any CPU
		{745608EE-7C5E-42FB-921D-77435082B375}.Release|Any CPU.Build.0 = Release|Any CPU
	EndGlobalSection
	GlobalSection(SolutionProperties) = preSolution
		HideSolutionNode = FALSE
	EndGlobalSection
	GlobalSection(ExtensibilityGlobals) = postSolution
		SolutionGuid = {8AE290D4-8801-4A66-92BE-85A5EE922E08}
	EndGlobalSection
EndGlobal
